
Microsoft Visual Studio Solution File, Format Version 12.00
# Visual Studio Version 17
VisualStudioVersion = 17.11.35222.181
MinimumVisualStudioVersion = 10.0.40219.1
Project("{54A90642-561A-4BB1-A94E-469ADEE60C69}") = "client", "client\client.esproj", "{B9A3C2CB-FC88-455D-806C-0AE4B85BB4B1}"
EndProject
Global
	GlobalSection(SolutionConfigurationPlatforms) = preSolution
		Debug|Any CPU = Debug|Any CPU
		Release|Any CPU = Release|Any CPU
	EndGlobalSection
	GlobalSection(ProjectConfigurationPlatforms) = postSolution
		{B9A3C2CB-FC88-455D-806C-0AE4B85BB4B1}.Debug|Any CPU.ActiveCfg = Debug|Any CPU
		{B9A3C2CB-FC88-455D-806C-0AE4B85BB4B1}.Debug|Any CPU.Build.0 = Debug|Any CPU
		{B9A3C2CB-FC88-455D-806C-0AE4B85BB4B1}.Debug|Any CPU.Deploy.0 = Debug|Any CPU
		{B9A3C2CB-FC88-455D-806C-0AE4B85BB4B1}.Release|Any CPU.ActiveCfg = Release|Any CPU
		{B9A3C2CB-FC88-455D-806C-0AE4B85BB4B1}.Release|Any CPU.Build.0 = Release|Any CPU
		{B9A3C2CB-FC88-455D-806C-0AE4B85BB4B1}.Release|Any CPU.Deploy.0 = Release|Any CPU
	EndGlobalSection
	GlobalSection(SolutionProperties) = preSolution
		HideSolutionNode = FALSE
	EndGlobalSection
	GlobalSection(ExtensibilityGlobals) = postSolution
		SolutionGuid = {BD96BB5B-77FE-4257-895E-D3394466A4B0}
	EndGlobalSection
EndGlobal
